
Microsoft Visual Studio Solution File, Format Version 12.00
# Visual Studio Version 17
VisualStudioVersion = 17.0.31903.59
MinimumVisualStudioVersion = 10.0.40219.1
Project("{2150E333-8FDC-42A3-9474-1A3956D46DE8}") = "src", "src", "{6745000D-6149-4CE1-A65D-9A18FD804AE4}"
EndProject
Project("{FAE04EC0-301F-11D3-BF4B-00C04F79EFBC}") = "WeatherApi", "src\WeatherApi\WeatherApi.csproj", "{3A274B65-D3C0-42BE-BBBD-92457550A12D}"
EndProject
Project("{FAE04EC0-301F-11D3-BF4B-00C04F79EFBC}") = "WeatherWeb", "src\WeatherWeb\WeatherWeb.csproj", "{AC4450E8-B76F-417A-B925-EA6AD0F0BDB8}"
EndProject
Project("{FAE04EC0-301F-11D3-BF4B-00C04F79EFBC}") = "SharedModels", "src\SharedModels\SharedModels.csproj", "{AE73A20B-3B41-4DD7-B7DE-FA5EE83FFB09}"
EndProject
Project("{FAE04EC0-301F-11D3-BF4B-00C04F79EFBC}") = "NetAspireDemo.AppHost", "src\NetAspireDemo.AppHost\NetAspireDemo.AppHost.csproj", "{F1C2D88A-9B4E-4A8F-9C3D-E6F7A8B5C4D2}"
EndProject
Project("{FAE04EC0-301F-11D3-BF4B-00C04F79EFBC}") = "NetAspireDemo.ServiceDefaults", "src\NetAspireDemo.ServiceDefaults\NetAspireDemo.ServiceDefaults.csproj", "{B2D3E99C-5A6F-4C8E-8F4D-D7E8A9B0C1E2}"
EndProject
Project("{2150E333-8FDC-42A3-9474-1A3956D46DE8}") = "tests", "tests", "{BFB16E8E-18E9-491B-9B65-485F337E2DC6}"
EndProject
Project("{FAE04EC0-301F-11D3-BF4B-00C04F79EFBC}") = "WeatherApi.Tests", "tests\WeatherApi.Tests\WeatherApi.Tests.csproj", "{A5F71A18-15A0-4324-8D3D-029EDC26448F}"
EndProject
Global
	GlobalSection(SolutionConfigurationPlatforms) = preSolution
		Debug|Any CPU = Debug|Any CPU
		Release|Any CPU = Release|Any CPU
	EndGlobalSection
	GlobalSection(SolutionProperties) = preSolution
		HideSolutionNode = FALSE
	EndGlobalSection
	GlobalSection(ProjectConfigurationPlatforms) = postSolution
		{3A274B65-D3C0-42BE-BBBD-92457550A12D}.Debug|Any CPU.ActiveCfg = Debug|Any CPU
		{3A274B65-D3C0-42BE-BBBD-92457550A12D}.Debug|Any CPU.Build.0 = Debug|Any CPU
		{3A274B65-D3C0-42BE-BBBD-92457550A12D}.Release|Any CPU.ActiveCfg = Release|Any CPU
		{3A274B65-D3C0-42BE-BBBD-92457550A12D}.Release|Any CPU.Build.0 = Release|Any CPU
		{AC4450E8-B76F-417A-B925-EA6AD0F0BDB8}.Debug|Any CPU.ActiveCfg = Debug|Any CPU
		{AC4450E8-B76F-417A-B925-EA6AD0F0BDB8}.Debug|Any CPU.Build.0 = Debug|Any CPU
		{AC4450E8-B76F-417A-B925-EA6AD0F0BDB8}.Release|Any CPU.ActiveCfg = Release|Any CPU
		{AC4450E8-B76F-417A-B925-EA6AD0F0BDB8}.Release|Any CPU.Build.0 = Release|Any CPU
		{AE73A20B-3B41-4DD7-B7DE-FA5EE83FFB09}.Debug|Any CPU.ActiveCfg = Debug|Any CPU
		{AE73A20B-3B41-4DD7-B7DE-FA5EE83FFB09}.Debug|Any CPU.Build.0 = Debug|Any CPU
		{AE73A20B-3B41-4DD7-B7DE-FA5EE83FFB09}.Release|Any CPU.ActiveCfg = Release|Any CPU
		{AE73A20B-3B41-4DD7-B7DE-FA5EE83FFB09}.Release|Any CPU.Build.0 = Release|Any CPU
		{F1C2D88A-9B4E-4A8F-9C3D-E6F7A8B5C4D2}.Debug|Any CPU.ActiveCfg = Debug|Any CPU
		{F1C2D88A-9B4E-4A8F-9C3D-E6F7A8B5C4D2}.Debug|Any CPU.Build.0 = Debug|Any CPU
		{F1C2D88A-9B4E-4A8F-9C3D-E6F7A8B5C4D2}.Release|Any CPU.ActiveCfg = Release|Any CPU
		{F1C2D88A-9B4E-4A8F-9C3D-E6F7A8B5C4D2}.Release|Any CPU.Build.0 = Release|Any CPU
		{B2D3E99C-5A6F-4C8E-8F4D-D7E8A9B0C1E2}.Debug|Any CPU.ActiveCfg = Debug|Any CPU
		{B2D3E99C-5A6F-4C8E-8F4D-D7E8A9B0C1E2}.Debug|Any CPU.Build.0 = Debug|Any CPU
		{B2D3E99C-5A6F-4C8E-8F4D-D7E8A9B0C1E2}.Release|Any CPU.ActiveCfg = Release|Any CPU
		{B2D3E99C-5A6F-4C8E-8F4D-D7E8A9B0C1E2}.Release|Any CPU.Build.0 = Release|Any CPU
		{A5F71A18-15A0-4324-8D3D-029EDC26448F}.Debug|Any CPU.ActiveCfg = Debug|Any CPU
		{A5F71A18-15A0-4324-8D3D-029EDC26448F}.Debug|Any CPU.Build.0 = Debug|Any CPU
		{A5F71A18-15A0-4324-8D3D-029EDC26448F}.Release|Any CPU.ActiveCfg = Release|Any CPU
		{A5F71A18-15A0-4324-8D3D-029EDC26448F}.Release|Any CPU.Build.0 = Release|Any CPU
	EndGlobalSection
	GlobalSection(NestedProjects) = preSolution
		{3A274B65-D3C0-42BE-BBBD-92457550A12D} = {6745000D-6149-4CE1-A65D-9A18FD804AE4}
		{AC4450E8-B76F-417A-B925-EA6AD0F0BDB8} = {6745000D-6149-4CE1-A65D-9A18FD804AE4}
		{AE73A20B-3B41-4DD7-B7DE-FA5EE83FFB09} = {6745000D-6149-4CE1-A65D-9A18FD804AE4}
		{F1C2D88A-9B4E-4A8F-9C3D-E6F7A8B5C4D2} = {6745000D-6149-4CE1-A65D-9A18FD804AE4}
		{B2D3E99C-5A6F-4C8E-8F4D-D7E8A9B0C1E2} = {6745000D-6149-4CE1-A65D-9A18FD804AE4}
		{A5F71A18-15A0-4324-8D3D-029EDC26448F} = {BFB16E8E-18E9-491B-9B65-485F337E2DC6}
	EndGlobalSection
EndGlobal
